
Microsoft Visual Studio Solution File, Format Version 12.00
# Visual Studio 2013
VisualStudioVersion = 12.0.30110.0
MinimumVisualStudioVersion = 10.0.40219.1
Project("{A0786B88-2ADB-4C21-ABE8-AA2D79766269}") = "Formulargenerator", "Formulargenerator\Formulargenerator.phpproj", "{6F6218EE-A761-4E6D-A105-9E17139377C6}"
EndProject
Global
	GlobalSection(TeamFoundationVersionControl) = preSolution
		SccNumberOfProjects = 2
		SccEnterpriseProvider = {4CA58AB2-18FA-4F8D-95D4-32DDF27D184C}
		SccTeamFoundationServer = https://dimitri-vranken.visualstudio.com/defaultcollection
		SccLocalPath0 = .
		SccProjectUniqueName1 = Formulargenerator\\Formulargenerator.phpproj
		SccProjectName1 = Formulargenerator
		SccLocalPath1 = Formulargenerator
	EndGlobalSection
	GlobalSection(SolutionConfigurationPlatforms) = preSolution
		Debug|Any CPU = Debug|Any CPU
		Release|Any CPU = Release|Any CPU
	EndGlobalSection
	GlobalSection(ProjectConfigurationPlatforms) = postSolution
		{6F6218EE-A761-4E6D-A105-9E17139377C6}.Debug|Any CPU.ActiveCfg = Debug|Any CPU
		{6F6218EE-A761-4E6D-A105-9E17139377C6}.Debug|Any CPU.Build.0 = Debug|Any CPU
		{6F6218EE-A761-4E6D-A105-9E17139377C6}.Release|Any CPU.ActiveCfg = Release|Any CPU
		{6F6218EE-A761-4E6D-A105-9E17139377C6}.Release|Any CPU.Build.0 = Release|Any CPU
	EndGlobalSection
	GlobalSection(SolutionProperties) = preSolution
		HideSolutionNode = FALSE
	EndGlobalSection
EndGlobal
